// !$*UTF8*$!
{
	archiveVersion = 1;
	classes = {
	};
	objectVersion = 46;
	objects = {

/* Begin PBXBuildFile section */
		D6F1F2131F0E147400A61981 /* bbb.c in Sources */ = {isa = PBXBuildFile; fileRef = D6F1F2111F0E147400A61981 /* bbb.c */; };
		D6F1F2141F0E147400A61981 /* bbb.h in Headers */ = {isa = PBXBuildFile; fileRef = D6F1F2121F0E147400A61981 /* bbb.h */; settings = {ATTRIBUTES = (Public, ); }; };
		D6F1F25B1F0E204400A61981 /* common_name.c in Sources */ = {isa = PBXBuildFile; fileRef = D6F1F2591F0E204400A61981 /* common_name.c */; };
		D6F1F25C1F0E204400A61981 /* common_name.h in Headers */ = {isa = PBXBuildFile; fileRef = D6F1F25A1F0E204400A61981 /* common_name.h */; };
/* End PBXBuildFile section */

/* Begin PBXFileReference section */
		D6F1F2091F0E146100A61981 /* libbbb.a */ = {isa = PBXFileReference; explicitFileType = archive.ar; includeInIndex = 0; path = libbbb.a; sourceTree = BUILT_PRODUCTS_DIR; };
		D6F1F2111F0E147400A61981 /* bbb.c */ = {isa = PBXFileReference; fileEncoding = 4; lastKnownFileType = sourcecode.c.c; name = bbb.c; path = ../../src/bbb.c; sourceTree = "<group>"; };
		D6F1F2121F0E147400A61981 /* bbb.h */ = {isa = PBXFileReference; fileEncoding = 4; lastKnownFileType = sourcecode.c.h; name = bbb.h; path = ../../src/bbb.h; sourceTree = "<group>"; };
		D6F1F2161F0E156800A61981 /* libaaa.a */ = {isa = PBXFileReference; lastKnownFileType = archive.ar; name = libaaa.a; path = "../../ext/xcode-build-test-aaa/project/aaa/build/Debug/libaaa.a"; sourceTree = "<group>"; };
		D6F1F2591F0E204400A61981 /* common_name.c */ = {isa = PBXFileReference; fileEncoding = 4; lastKnownFileType = sourcecode.c.c; name = common_name.c; path = ../../src/common_name.c; sourceTree = "<group>"; };
		D6F1F25A1F0E204400A61981 /* common_name.h */ = {isa = PBXFileReference; fileEncoding = 4; lastKnownFileType = sourcecode.c.h; name = common_name.h; path = ../../src/common_name.h; sourceTree = "<group>"; };
		D6F1F25D1F0E209100A61981 /* libaaa.a */ = {isa = PBXFileReference; lastKnownFileType = archive.ar; name = libaaa.a; path = "../../../../../../../Library/Developer/Xcode/DerivedData/ddd-bcybfiiduarrpbcwhmccnlsdppwg/Build/Products/Debug/libaaa.a"; sourceTree = "<group>"; };
/* End PBXFileReference section */

/* Begin PBXFrameworksBuildPhase section */
		D6F1F2061F0E146100A61981 /* Frameworks */ = {
			isa = PBXFrameworksBuildPhase;
			buildActionMask = 2147483647;
			files = (
			);
			runOnlyForDeploymentPostprocessing = 0;
		};
/* End PBXFrameworksBuildPhase section */

/* Begin PBXGroup section */
		D6F1F2001F0E146100A61981 = {
			isa = PBXGroup;
			children = (
				D6F1F2101F0E146600A61981 /* src */,
				D6F1F20A1F0E146100A61981 /* Products */,
				D6F1F2151F0E156800A61981 /* Frameworks */,
			);
			sourceTree = "<group>";
		};
		D6F1F20A1F0E146100A61981 /* Products */ = {
			isa = PBXGroup;
			children = (
				D6F1F2091F0E146100A61981 /* libbbb.a */,
			);
			name = Products;
			sourceTree = "<group>";
		};
		D6F1F2101F0E146600A61981 /* src */ = {
			isa = PBXGroup;
			children = (
				D6F1F2111F0E147400A61981 /* bbb.c */,
				D6F1F2121F0E147400A61981 /* bbb.h */,
				D6F1F2591F0E204400A61981 /* common_name.c */,
				D6F1F25A1F0E204400A61981 /* common_name.h */,
			);
			name = src;
			sourceTree = "<group>";
		};
		D6F1F2151F0E156800A61981 /* Frameworks */ = {
			isa = PBXGroup;
			children = (
				D6F1F25D1F0E209100A61981 /* libaaa.a */,
				D6F1F2161F0E156800A61981 /* libaaa.a */,
			);
			name = Frameworks;
			sourceTree = "<group>";
		};
/* End PBXGroup section */

/* Begin PBXHeadersBuildPhase section */
		D6F1F2071F0E146100A61981 /* Headers */ = {
			isa = PBXHeadersBuildPhase;
			buildActionMask = 2147483647;
			files = (
				D6F1F25C1F0E204400A61981 /* common_name.h in Headers */,
				D6F1F2141F0E147400A61981 /* bbb.h in Headers */,
			);
			runOnlyForDeploymentPostprocessing = 0;
		};
/* End PBXHeadersBuildPhase section */

/* Begin PBXNativeTarget section */
		D6F1F2081F0E146100A61981 /* bbb */ = {
			isa = PBXNativeTarget;
			buildConfigurationList = D6F1F20D1F0E146100A61981 /* Build configuration list for PBXNativeTarget "bbb" */;
			buildPhases = (
				D6F1F2051F0E146100A61981 /* Sources */,
				D6F1F2061F0E146100A61981 /* Frameworks */,
				D6F1F2071F0E146100A61981 /* Headers */,
			);
			buildRules = (
			);
			dependencies = (
			);
			name = bbb;
			productName = bbb;
			productReference = D6F1F2091F0E146100A61981 /* libbbb.a */;
			productType = "com.apple.product-type.library.static";
		};
/* End PBXNativeTarget section */

/* Begin PBXProject section */
		D6F1F2011F0E146100A61981 /* Project object */ = {
			isa = PBXProject;
			attributes = {
				LastUpgradeCheck = 0830;
				ORGANIZATIONNAME = omochimetaru;
				TargetAttributes = {
					D6F1F2081F0E146100A61981 = {
						CreatedOnToolsVersion = 8.3.3;
						ProvisioningStyle = Automatic;
					};
				};
			};
			buildConfigurationList = D6F1F2041F0E146100A61981 /* Build configuration list for PBXProject "bbb" */;
			compatibilityVersion = "Xcode 3.2";
			developmentRegion = English;
			hasScannedForEncodings = 0;
			knownRegions = (
				en,
			);
			mainGroup = D6F1F2001F0E146100A61981;
			productRefGroup = D6F1F20A1F0E146100A61981 /* Products */;
			projectDirPath = "";
			projectRoot = "";
			targets = (
				D6F1F2081F0E146100A61981 /* bbb */,
			);
		};
/* End PBXProject section */

/* Begin PBXSourcesBuildPhase section */
		D6F1F2051F0E146100A61981 /* Sources */ = {
			isa = PBXSourcesBuildPhase;
			buildActionMask = 2147483647;
			files = (
				D6F1F2131F0E147400A61981 /* bbb.c in Sources */,
				D6F1F25B1F0E204400A61981 /* common_name.c in Sources */,
			);
			runOnlyForDeploymentPostprocessing = 0;
		};
/* End PBXSourcesBuildPhase section */

/* Begin XCBuildConfiguration section */
		D6F1F20B1F0E146100A61981 /* Debug */ = {
			isa = XCBuildConfiguration;
			buildSettings = {
				ALWAYS_SEARCH_USER_PATHS = NO;
				CLANG_ANALYZER_NONNULL = YES;
				CLANG_ANALYZER_NUMBER_OBJECT_CONVERSION = YES_AGGRESSIVE;
				CLANG_CXX_LANGUAGE_STANDARD = "gnu++0x";
				CLANG_CXX_LIBRARY = "libc++";
				CLANG_ENABLE_MODULES = YES;
				CLANG_ENABLE_OBJC_ARC = YES;
				CLANG_WARN_BOOL_CONVERSION = YES;
				CLANG_WARN_CONSTANT_CONVERSION = YES;
				CLANG_WARN_DIRECT_OBJC_ISA_USAGE = YES_ERROR;
				CLANG_WARN_DOCUMENTATION_COMMENTS = YES;
				CLANG_WARN_EMPTY_BODY = YES;
				CLANG_WARN_ENUM_CONVERSION = YES;
				CLANG_WARN_INFINITE_RECURSION = YES;
				CLANG_WARN_INT_CONVERSION = YES;
				CLANG_WARN_OBJC_ROOT_CLASS = YES_ERROR;
				CLANG_WARN_SUSPICIOUS_MOVE = YES;
				CLANG_WARN_UNREACHABLE_CODE = YES;
				CLANG_WARN__DUPLICATE_METHOD_MATCH = YES;
				CODE_SIGN_IDENTITY = "-";
				COPY_PHASE_STRIP = NO;
				DEBUG_INFORMATION_FORMAT = dwarf;
				ENABLE_STRICT_OBJC_MSGSEND = YES;
				ENABLE_TESTABILITY = YES;
				GCC_C_LANGUAGE_STANDARD = gnu99;
				GCC_DYNAMIC_NO_PIC = NO;
				GCC_NO_COMMON_BLOCKS = YES;
				GCC_OPTIMIZATION_LEVEL = 0;
				GCC_PREPROCESSOR_DEFINITIONS = (
					"DEBUG=1",
					"$(inherited)",
				);
				GCC_WARN_64_TO_32_BIT_CONVERSION = YES;
				GCC_WARN_ABOUT_RETURN_TYPE = YES_ERROR;
				GCC_WARN_UNDECLARED_SELECTOR = YES;
				GCC_WARN_UNINITIALIZED_AUTOS = YES_AGGRESSIVE;
				GCC_WARN_UNUSED_FUNCTION = YES;
				GCC_WARN_UNUSED_VARIABLE = YES;
				MACOSX_DEPLOYMENT_TARGET = 10.12;
				MTL_ENABLE_DEBUG_INFO = YES;
				ONLY_ACTIVE_ARCH = YES;
				SDKROOT = macosx;
			};
			name = Debug;
		};
		D6F1F20C1F0E146100A61981 /* Release */ = {
			isa = XCBuildConfiguration;
			buildSettings = {
				ALWAYS_SEARCH_USER_PATHS = NO;
				CLANG_ANALYZER_NONNULL = YES;
				CLANG_ANALYZER_NUMBER_OBJECT_CONVERSION = YES_AGGRESSIVE;
				CLANG_CXX_LANGUAGE_STANDARD = "gnu++0x";
				CLANG_CXX_LIBRARY = "libc++";
				CLANG_ENABLE_MODULES = YES;
				CLANG_ENABLE_OBJC_ARC = YES;
				CLANG_WARN_BOOL_CONVERSION = YES;
				CLANG_WARN_CONSTANT_CONVERSION = YES;
				CLANG_WARN_DIRECT_OBJC_ISA_USAGE = YES_ERROR;
				CLANG_WARN_DOCUMENTATION_COMMENTS = YES;
				CLANG_WARN_EMPTY_BODY = YES;
				CLANG_WARN_ENUM_CONVERSION = YES;
				CLANG_WARN_INFINITE_RECURSION = YES;
				CLANG_WARN_INT_CONVERSION = YES;
				CLANG_WARN_OBJC_ROOT_CLASS = YES_ERROR;
				CLANG_WARN_SUSPICIOUS_MOVE = YES;
				CLANG_WARN_UNREACHABLE_CODE = YES;
				CLANG_WARN__DUPLICATE_METHOD_MATCH = YES;
				CODE_SIGN_IDENTITY = "-";
				COPY_PHASE_STRIP = NO;
				DEBUG_INFORMATION_FORMAT = "dwarf-with-dsym";
				ENABLE_NS_ASSERTIONS = NO;
				ENABLE_STRICT_OBJC_MSGSEND = YES;
				GCC_C_LANGUAGE_STANDARD = gnu99;
				GCC_NO_COMMON_BLOCKS = YES;
				GCC_WARN_64_TO_32_BIT_CONVERSION = YES;
				GCC_WARN_ABOUT_RETURN_TYPE = YES_ERROR;
				GCC_WARN_UNDECLARED_SELECTOR = YES;
				GCC_WARN_UNINITIALIZED_AUTOS = YES_AGGRESSIVE;
				GCC_WARN_UNUSED_FUNCTION = YES;
				GCC_WARN_UNUSED_VARIABLE = YES;
				MACOSX_DEPLOYMENT_TARGET = 10.12;
				MTL_ENABLE_DEBUG_INFO = NO;
				SDKROOT = macosx;
			};
			name = Release;
		};
		D6F1F20E1F0E146100A61981 /* Debug */ = {
			isa = XCBuildConfiguration;
			buildSettings = {
				EXECUTABLE_PREFIX = lib;
				PRODUCT_NAME = "$(TARGET_NAME)";
				PUBLIC_HEADERS_FOLDER_PATH = include/bbb;
			};
			name = Debug;
		};
		D6F1F20F1F0E146100A61981 /* Release */ = {
			isa = XCBuildConfiguration;
			buildSettings = {
				EXECUTABLE_PREFIX = lib;
				PRODUCT_NAME = "$(TARGET_NAME)";
				PUBLIC_HEADERS_FOLDER_PATH = include/bbb;
			};
			name = Release;
		};
/* End XCBuildConfiguration section */

/* Begin XCConfigurationList section */
		D6F1F2041F0E146100A61981 /* Build configuration list for PBXProject "bbb" */ = {
			isa = XCConfigurationList;
			buildConfigurations = (
				D6F1F20B1F0E146100A61981 /* Debug */,
				D6F1F20C1F0E146100A61981 /* Release */,
			);
			defaultConfigurationIsVisible = 0;
			defaultConfigurationName = Release;
		};
		D6F1F20D1F0E146100A61981 /* Build configuration list for PBXNativeTarget "bbb" */ = {
			isa = XCConfigurationList;
			buildConfigurations = (
				D6F1F20E1F0E146100A61981 /* Debug */,
				D6F1F20F1F0E146100A61981 /* Release */,
			);
			defaultConfigurationIsVisible = 0;
			defaultConfigurationName = Release;
		};
/* End XCConfigurationList section */
	};
	rootObject = D6F1F2011F0E146100A61981 /* Project object */;
}
